
Microsoft Visual Studio Solution File, Format Version 12.00
# Visual Studio Version 16
VisualStudioVersion = 16.0.30907.101
MinimumVisualStudioVersion = 10.0.40219.1
Project("{FAE04EC0-301F-11D3-BF4B-00C04F79EFBC}") = "XamarinNewsReader.UWP", "XamarinNewsReader\XamarinNewsReader.UWP\XamarinNewsReader.UWP.csproj", "{F537D79D-7AA9-46FC-811A-5C45C5BC3767}"
EndProject
Project("{FAE04EC0-301F-11D3-BF4B-00C04F79EFBC}") = "XamarinNewsReader.Android", "XamarinNewsReader\XamarinNewsReader.Android\XamarinNewsReader.Android.csproj", "{426867BB-7C9F-435D-9877-90A6DB4E424D}"
EndProject
Project("{FAE04EC0-301F-11D3-BF4B-00C04F79EFBC}") = "XamarinNewsReader.iOS", "XamarinNewsReader\XamarinNewsReader.iOS\XamarinNewsReader.iOS.csproj", "{72F08B3E-ADA7-4455-B87E-D14BA10EDC00}"
EndProject
Project("{9A19103F-16F7-4668-BE54-9A1E7A4F7556}") = "XamarinNewsReader", "XamarinNewsReader\XamarinNewsReader\XamarinNewsReader.csproj", "{1BBCD422-BC85-4291-A82E-856579972680}"
EndProject
Global
	GlobalSection(SolutionConfigurationPlatforms) = preSolution
		Debug|Any CPU = Debug|Any CPU
		Debug|ARM = Debug|ARM
		Debug|iPhone = Debug|iPhone
		Debug|iPhoneSimulator = Debug|iPhoneSimulator
		Debug|x64 = Debug|x64
		Debug|x86 = Debug|x86
		Release|Any CPU = Release|Any CPU
		Release|ARM = Release|ARM
		Release|iPhone = Release|iPhone
		Release|iPhoneSimulator = Release|iPhoneSimulator
		Release|x64 = Release|x64
		Release|x86 = Release|x86
	EndGlobalSection
	GlobalSection(ProjectConfigurationPlatforms) = postSolution
		{F537D79D-7AA9-46FC-811A-5C45C5BC3767}.Debug|Any CPU.ActiveCfg = Debug|x86
		{F537D79D-7AA9-46FC-811A-5C45C5BC3767}.Debug|Any CPU.Build.0 = Debug|x86
		{F537D79D-7AA9-46FC-811A-5C45C5BC3767}.Debug|Any CPU.Deploy.0 = Debug|x86
		{F537D79D-7AA9-46FC-811A-5C45C5BC3767}.Debug|ARM.ActiveCfg = Debug|ARM
		{F537D79D-7AA9-46FC-811A-5C45C5BC3767}.Debug|ARM.Build.0 = Debug|ARM
		{F537D79D-7AA9-46FC-811A-5C45C5BC3767}.Debug|ARM.Deploy.0 = Debug|ARM
		{F537D79D-7AA9-46FC-811A-5C45C5BC3767}.Debug|iPhone.ActiveCfg = Debug|x86
		{F537D79D-7AA9-46FC-811A-5C45C5BC3767}.Debug|iPhone.Build.0 = Debug|x86
		{F537D79D-7AA9-46FC-811A-5C45C5BC3767}.Debug|iPhone.Deploy.0 = Debug|x86
		{F537D79D-7AA9-46FC-811A-5C45C5BC3767}.Debug|iPhoneSimulator.ActiveCfg = Debug|x86
		{F537D79D-7AA9-46FC-811A-5C45C5BC3767}.Debug|iPhoneSimulator.Build.0 = Debug|x86
		{F537D79D-7AA9-46FC-811A-5C45C5BC3767}.Debug|iPhoneSimulator.Deploy.0 = Debug|x86
		{F537D79D-7AA9-46FC-811A-5C45C5BC3767}.Debug|x64.ActiveCfg = Debug|x64
		{F537D79D-7AA9-46FC-811A-5C45C5BC3767}.Debug|x64.Build.0 = Debug|x64
		{F537D79D-7AA9-46FC-811A-5C45C5BC3767}.Debug|x64.Deploy.0 = Debug|x64
		{F537D79D-7AA9-46FC-811A-5C45C5BC3767}.Debug|x86.ActiveCfg = Debug|x86
		{F537D79D-7AA9-46FC-811A-5C45C5BC3767}.Debug|x86.Build.0 = Debug|x86
		{F537D79D-7AA9-46FC-811A-5C45C5BC3767}.Debug|x86.Deploy.0 = Debug|x86
		{F537D79D-7AA9-46FC-811A-5C45C5BC3767}.Release|Any CPU.ActiveCfg = Release|x86
		{F537D79D-7AA9-46FC-811A-5C45C5BC3767}.Release|Any CPU.Build.0 = Release|x86
		{F537D79D-7AA9-46FC-811A-5C45C5BC3767}.Release|Any CPU.Deploy.0 = Release|x86
		{F537D79D-7AA9-46FC-811A-5C45C5BC3767}.Release|ARM.ActiveCfg = Release|ARM
		{F537D79D-7AA9-46FC-811A-5C45C5BC3767}.Release|ARM.Build.0 = Release|ARM
		{F537D79D-7AA9-46FC-811A-5C45C5BC3767}.Release|ARM.Deploy.0 = Release|ARM
		{F537D79D-7AA9-46FC-811A-5C45C5BC3767}.Release|iPhone.ActiveCfg = Release|x86
		{F537D79D-7AA9-46FC-811A-5C45C5BC3767}.Release|iPhone.Build.0 = Release|x86
		{F537D79D-7AA9-46FC-811A-5C45C5BC3767}.Release|iPhone.Deploy.0 = Release|x86
		{F537D79D-7AA9-46FC-811A-5C45C5BC3767}.Release|iPhoneSimulator.ActiveCfg = Release|x86
		{F537D79D-7AA9-46FC-811A-5C45C5BC3767}.Release|iPhoneSimulator.Build.0 = Release|x86
		{F537D79D-7AA9-46FC-811A-5C45C5BC3767}.Release|iPhoneSimulator.Deploy.0 = Release|x86
		{F537D79D-7AA9-46FC-811A-5C45C5BC3767}.Release|x64.ActiveCfg = Release|x64
		{F537D79D-7AA9-46FC-811A-5C45C5BC3767}.Release|x64.Build.0 = Release|x64
		{F537D79D-7AA9-46FC-811A-5C45C5BC3767}.Release|x64.Deploy.0 = Release|x64
		{F537D79D-7AA9-46FC-811A-5C45C5BC3767}.Release|x86.ActiveCfg = Release|x86
		{F537D79D-7AA9-46FC-811A-5C45C5BC3767}.Release|x86.Build.0 = Release|x86
		{F537D79D-7AA9-46FC-811A-5C45C5BC3767}.Release|x86.Deploy.0 = Release|x86
		{426867BB-7C9F-435D-9877-90A6DB4E424D}.Debug|Any CPU.ActiveCfg = Debug|Any CPU
		{426867BB-7C9F-435D-9877-90A6DB4E424D}.Debug|Any CPU.Build.0 = Debug|Any CPU
		{426867BB-7C9F-435D-9877-90A6DB4E424D}.Debug|Any CPU.Deploy.0 = Debug|Any CPU
		{426867BB-7C9F-435D-9877-90A6DB4E424D}.Debug|ARM.ActiveCfg = Debug|Any CPU
		{426867BB-7C9F-435D-9877-90A6DB4E424D}.Debug|ARM.Build.0 = Debug|Any CPU
		{426867BB-7C9F-435D-9877-90A6DB4E424D}.Debug|ARM.Deploy.0 = Debug|Any CPU
		{426867BB-7C9F-435D-9877-90A6DB4E424D}.Debug|iPhone.ActiveCfg = Debug|Any CPU
		{426867BB-7C9F-435D-9877-90A6DB4E424D}.Debug|iPhone.Build.0 = Debug|Any CPU
		{426867BB-7C9F-435D-9877-90A6DB4E424D}.Debug|iPhone.Deploy.0 = Debug|Any CPU
		{426867BB-7C9F-435D-9877-90A6DB4E424D}.Debug|iPhoneSimulator.ActiveCfg = Debug|Any CPU
		{426867BB-7C9F-435D-9877-90A6DB4E424D}.Debug|iPhoneSimulator.Build.0 = Debug|Any CPU
		{426867BB-7C9F-435D-9877-90A6DB4E424D}.Debug|iPhoneSimulator.Deploy.0 = Debug|Any CPU
		{426867BB-7C9F-435D-9877-90A6DB4E424D}.Debug|x64.ActiveCfg = Debug|Any CPU
		{426867BB-7C9F-435D-9877-90A6DB4E424D}.Debug|x64.Build.0 = Debug|Any CPU
		{426867BB-7C9F-435D-9877-90A6DB4E424D}.Debug|x64.Deploy.0 = Debug|Any CPU
		{426867BB-7C9F-435D-9877-90A6DB4E424D}.Debug|x86.ActiveCfg = Debug|Any CPU
		{426867BB-7C9F-435D-9877-90A6DB4E424D}.Debug|x86.Build.0 = Debug|Any CPU
		{426867BB-7C9F-435D-9877-90A6DB4E424D}.Debug|x86.Deploy.0 = Debug|Any CPU
		{426867BB-7C9F-435D-9877-90A6DB4E424D}.Release|Any CPU.ActiveCfg = Release|Any CPU
		{426867BB-7C9F-435D-9877-90A6DB4E424D}.Release|Any CPU.Build.0 = Release|Any CPU
		{426867BB-7C9F-435D-9877-90A6DB4E424D}.Release|Any CPU.Deploy.0 = Release|Any CPU
		{426867BB-7C9F-435D-9877-90A6DB4E424D}.Release|ARM.ActiveCfg = Release|Any CPU
		{426867BB-7C9F-435D-9877-90A6DB4E424D}.Release|ARM.Build.0 = Release|Any CPU
		{426867BB-7C9F-435D-9877-90A6DB4E424D}.Release|ARM.Deploy.0 = Release|Any CPU
		{426867BB-7C9F-435D-9877-90A6DB4E424D}.Release|iPhone.ActiveCfg = Release|Any CPU
		{426867BB-7C9F-435D-9877-90A6DB4E424D}.Release|iPhone.Build.0 = Release|Any CPU
		{426867BB-7C9F-435D-9877-90A6DB4E424D}.Release|iPhone.Deploy.0 = Release|Any CPU
		{426867BB-7C9F-435D-9877-90A6DB4E424D}.Release|iPhoneSimulator.ActiveCfg = Release|Any CPU
		{426867BB-7C9F-435D-9877-90A6DB4E424D}.Release|iPhoneSimulator.Build.0 = Release|Any CPU
		{426867BB-7C9F-435D-9877-90A6DB4E424D}.Release|iPhoneSimulator.Deploy.0 = Release|Any CPU
		{426867BB-7C9F-435D-9877-90A6DB4E424D}.Release|x64.ActiveCfg = Release|Any CPU
		{426867BB-7C9F-435D-9877-90A6DB4E424D}.Release|x64.Build.0 = Release|Any CPU
		{426867BB-7C9F-435D-9877-90A6DB4E424D}.Release|x64.Deploy.0 = Release|Any CPU
		{426867BB-7C9F-435D-9877-90A6DB4E424D}.Release|x86.ActiveCfg = Release|Any CPU
		{426867BB-7C9F-435D-9877-90A6DB4E424D}.Release|x86.Build.0 = Release|Any CPU
		{426867BB-7C9F-435D-9877-90A6DB4E424D}.Release|x86.Deploy.0 = Release|Any CPU
		{72F08B3E-ADA7-4455-B87E-D14BA10EDC00}.Debug|Any CPU.ActiveCfg = Debug|iPhoneSimulator
		{72F08B3E-ADA7-4455-B87E-D14BA10EDC00}.Debug|Any CPU.Deploy.0 = Debug|iPhoneSimulator
		{72F08B3E-ADA7-4455-B87E-D14BA10EDC00}.Debug|ARM.ActiveCfg = Debug|iPhone
		{72F08B3E-ADA7-4455-B87E-D14BA10EDC00}.Debug|ARM.Build.0 = Debug|iPhone
		{72F08B3E-ADA7-4455-B87E-D14BA10EDC00}.Debug|ARM.Deploy.0 = Debug|iPhone
		{72F08B3E-ADA7-4455-B87E-D14BA10EDC00}.Debug|iPhone.ActiveCfg = Debug|iPhone
		{72F08B3E-ADA7-4455-B87E-D14BA10EDC00}.Debug|iPhone.Build.0 = Debug|iPhone
		{72F08B3E-ADA7-4455-B87E-D14BA10EDC00}.Debug|iPhone.Deploy.0 = Debug|iPhone
		{72F08B3E-ADA7-4455-B87E-D14BA10EDC00}.Debug|iPhoneSimulator.ActiveCfg = Debug|iPhoneSimulator
		{72F08B3E-ADA7-4455-B87E-D14BA10EDC00}.Debug|iPhoneSimulator.Build.0 = Debug|iPhoneSimulator
		{72F08B3E-ADA7-4455-B87E-D14BA10EDC00}.Debug|iPhoneSimulator.Deploy.0 = Debug|iPhoneSimulator
		{72F08B3E-ADA7-4455-B87E-D14BA10EDC00}.Debug|x64.ActiveCfg = Debug|iPhoneSimulator
		{72F08B3E-ADA7-4455-B87E-D14BA10EDC00}.Debug|x64.Build.0 = Debug|iPhoneSimulator
		{72F08B3E-ADA7-4455-B87E-D14BA10EDC00}.Debug|x64.Deploy.0 = Debug|iPhoneSimulator
		{72F08B3E-ADA7-4455-B87E-D14BA10EDC00}.Debug|x86.ActiveCfg = Debug|iPhoneSimulator
		{72F08B3E-ADA7-4455-B87E-D14BA10EDC00}.Debug|x86.Build.0 = Debug|iPhoneSimulator
		{72F08B3E-ADA7-4455-B87E-D14BA10EDC00}.Debug|x86.Deploy.0 = Debug|iPhoneSimulator
		{72F08B3E-ADA7-4455-B87E-D14BA10EDC00}.Release|Any CPU.ActiveCfg = Debug|iPhoneSimulator
		{72F08B3E-ADA7-4455-B87E-D14BA10EDC00}.Release|Any CPU.Build.0 = Debug|iPhoneSimulator
		{72F08B3E-ADA7-4455-B87E-D14BA10EDC00}.Release|Any CPU.Deploy.0 = Debug|iPhoneSimulator
		{72F08B3E-ADA7-4455-B87E-D14BA10EDC00}.Release|ARM.ActiveCfg = Release|iPhoneSimulator
		{72F08B3E-ADA7-4455-B87E-D14BA10EDC00}.Release|ARM.Build.0 = Release|iPhoneSimulator
		{72F08B3E-ADA7-4455-B87E-D14BA10EDC00}.Release|ARM.Deploy.0 = Release|iPhoneSimulator
		{72F08B3E-ADA7-4455-B87E-D14BA10EDC00}.Release|iPhone.ActiveCfg = Release|iPhone
		{72F08B3E-ADA7-4455-B87E-D14BA10EDC00}.Release|iPhone.Build.0 = Release|iPhone
		{72F08B3E-ADA7-4455-B87E-D14BA10EDC00}.Release|iPhone.Deploy.0 = Release|iPhone
		{72F08B3E-ADA7-4455-B87E-D14BA10EDC00}.Release|iPhoneSimulator.ActiveCfg = Release|iPhoneSimulator
		{72F08B3E-ADA7-4455-B87E-D14BA10EDC00}.Release|iPhoneSimulator.Build.0 = Release|iPhoneSimulator
		{72F08B3E-ADA7-4455-B87E-D14BA10EDC00}.Release|iPhoneSimulator.Deploy.0 = Release|iPhoneSimulator
		{72F08B3E-ADA7-4455-B87E-D14BA10EDC00}.Release|x64.ActiveCfg = Release|iPhoneSimulator
		{72F08B3E-ADA7-4455-B87E-D14BA10EDC00}.Release|x64.Build.0 = Release|iPhoneSimulator
		{72F08B3E-ADA7-4455-B87E-D14BA10EDC00}.Release|x64.Deploy.0 = Release|iPhoneSimulator
		{72F08B3E-ADA7-4455-B87E-D14BA10EDC00}.Release|x86.ActiveCfg = Release|iPhoneSimulator
		{72F08B3E-ADA7-4455-B87E-D14BA10EDC00}.Release|x86.Build.0 = Release|iPhoneSimulator
		{72F08B3E-ADA7-4455-B87E-D14BA10EDC00}.Release|x86.Deploy.0 = Release|iPhoneSimulator
		{1BBCD422-BC85-4291-A82E-856579972680}.Debug|Any CPU.ActiveCfg = Debug|Any CPU
		{1BBCD422-BC85-4291-A82E-856579972680}.Debug|Any CPU.Build.0 = Debug|Any CPU
		{1BBCD422-BC85-4291-A82E-856579972680}.Debug|Any CPU.Deploy.0 = Debug|Any CPU
		{1BBCD422-BC85-4291-A82E-856579972680}.Debug|ARM.ActiveCfg = Debug|Any CPU
		{1BBCD422-BC85-4291-A82E-856579972680}.Debug|ARM.Build.0 = Debug|Any CPU
		{1BBCD422-BC85-4291-A82E-856579972680}.Debug|ARM.Deploy.0 = Debug|Any CPU
		{1BBCD422-BC85-4291-A82E-856579972680}.Debug|iPhone.ActiveCfg = Debug|Any CPU
		{1BBCD422-BC85-4291-A82E-856579972680}.Debug|iPhone.Build.0 = Debug|Any CPU
		{1BBCD422-BC85-4291-A82E-856579972680}.Debug|iPhone.Deploy.0 = Debug|Any CPU
		{1BBCD422-BC85-4291-A82E-856579972680}.Debug|iPhoneSimulator.ActiveCfg = Debug|Any CPU
		{1BBCD422-BC85-4291-A82E-856579972680}.Debug|iPhoneSimulator.Build.0 = Debug|Any CPU
		{1BBCD422-BC85-4291-A82E-856579972680}.Debug|iPhoneSimulator.Deploy.0 = Debug|Any CPU
		{1BBCD422-BC85-4291-A82E-856579972680}.Debug|x64.ActiveCfg = Debug|Any CPU
		{1BBCD422-BC85-4291-A82E-856579972680}.Debug|x64.Build.0 = Debug|Any CPU
		{1BBCD422-BC85-4291-A82E-856579972680}.Debug|x64.Deploy.0 = Debug|Any CPU
		{1BBCD422-BC85-4291-A82E-856579972680}.Debug|x86.ActiveCfg = Debug|Any CPU
		{1BBCD422-BC85-4291-A82E-856579972680}.Debug|x86.Build.0 = Debug|Any CPU
		{1BBCD422-BC85-4291-A82E-856579972680}.Debug|x86.Deploy.0 = Debug|Any CPU
		{1BBCD422-BC85-4291-A82E-856579972680}.Release|Any CPU.ActiveCfg = Debug|Any CPU
		{1BBCD422-BC85-4291-A82E-856579972680}.Release|Any CPU.Build.0 = Debug|Any CPU
		{1BBCD422-BC85-4291-A82E-856579972680}.Release|Any CPU.Deploy.0 = Debug|Any CPU
		{1BBCD422-BC85-4291-A82E-856579972680}.Release|ARM.ActiveCfg = Release|Any CPU
		{1BBCD422-BC85-4291-A82E-856579972680}.Release|ARM.Build.0 = Release|Any CPU
		{1BBCD422-BC85-4291-A82E-856579972680}.Release|ARM.Deploy.0 = Release|Any CPU
		{1BBCD422-BC85-4291-A82E-856579972680}.Release|iPhone.ActiveCfg = Release|Any CPU
		{1BBCD422-BC85-4291-A82E-856579972680}.Release|iPhone.Build.0 = Release|Any CPU
		{1BBCD422-BC85-4291-A82E-856579972680}.Release|iPhone.Deploy.0 = Release|Any CPU
		{1BBCD422-BC85-4291-A82E-856579972680}.Release|iPhoneSimulator.ActiveCfg = Release|Any CPU
		{1BBCD422-BC85-4291-A82E-856579972680}.Release|iPhoneSimulator.Build.0 = Release|Any CPU
		{1BBCD422-BC85-4291-A82E-856579972680}.Release|iPhoneSimulator.Deploy.0 = Release|Any CPU
		{1BBCD422-BC85-4291-A82E-856579972680}.Release|x64.ActiveCfg = Release|Any CPU
		{1BBCD422-BC85-4291-A82E-856579972680}.Release|x64.Build.0 = Release|Any CPU
		{1BBCD422-BC85-4291-A82E-856579972680}.Release|x64.Deploy.0 = Release|Any CPU
		{1BBCD422-BC85-4291-A82E-856579972680}.Release|x86.ActiveCfg = Release|Any CPU
		{1BBCD422-BC85-4291-A82E-856579972680}.Release|x86.Build.0 = Release|Any CPU
		{1BBCD422-BC85-4291-A82E-856579972680}.Release|x86.Deploy.0 = Release|Any CPU
	EndGlobalSection
	GlobalSection(SolutionProperties) = preSolution
		HideSolutionNode = FALSE
	EndGlobalSection
	GlobalSection(ExtensibilityGlobals) = postSolution
		SolutionGuid = {81A27534-F738-4890-B30A-168BE2AE3BAE}
	EndGlobalSection
EndGlobal
